<?xml version="1.0" encoding="utf-8"?>
<Project ToolsVersion="4.0" xmlns="http://schemas.microsoft.com/developer/msbuild/2003">
  <ItemGroup>
    <Filter Include="Base">
      <UniqueIdentifier>{60f1441d-63ba-4bcb-a747-143a2f5c5da3}</UniqueIdentifier>
    </Filter>
    <Filter Include="Others">
      <UniqueIdentifier>{b7018329-af9d-44e7-bf0f-6c3229ced848}</UniqueIdentifier>
    </Filter>
    <Filter Include="Entities">
      <UniqueIdentifier>{b1fabef7-80ab-4672-8438-c21eced43d6c}</UniqueIdentifier>
    </Filter>
    <Filter Include="Screens">
      <UniqueIdentifier>{e4ba05fb-79a4-4bc5-86a6-03492dd84a43}</UniqueIdentifier>
    </Filter>
  </ItemGroup>
  <ItemGroup>
    <ClInclude Include="_.hpp">
      <Filter>Base</Filter>
    </ClInclude>
    <ClInclude Include="base.hpp">
      <Filter>Base</Filter>
    </ClInclude>
    <ClInclude Include="game.hpp">
      <Filter>Base</Filter>
    </ClInclude>
    <ClInclude Include="settings.hpp">
      <Filter>Base</Filter>
    </ClInclude>
    <ClInclude Include="viewer_sdl.hpp">
      <Filter>Others</Filter>
    </ClInclude>
    <ClInclude Include="entity.hpp">
      <Filter>Entities</Filter>
    </ClInclude>
    <ClInclude Include="hero.hpp">
      <Filter>Entities</Filter>
    </ClInclude>
    <ClInclude Include="level.hpp">
      <Filter>Screens</Filter>
    </ClInclude>
    <ClInclude Include="map.hpp">
      <Filter>Screens</Filter>
    </ClInclude>
  </ItemGroup>
  <ItemGroup>
    <ClCompile Include="base.cpp">
      <Filter>Base</Filter>
    </ClCompile>
    <ClCompile Include="game.cpp">
      <Filter>Base</Filter>
    </ClCompile>
    <ClCompile Include="main.cpp">
      <Filter>Base</Filter>
    </ClCompile>
    <ClCompile Include="viewer_sdl.cpp">
      <Filter>Others</Filter>
    </ClCompile>
    <ClCompile Include="entity.cpp">
      <Filter>Entities</Filter>
    </ClCompile>
    <ClCompile Include="hero.cpp">
      <Filter>Entities</Filter>
    </ClCompile>
    <ClCompile Include="level.cpp">
      <Filter>Screens</Filter>
    </ClCompile>
    <ClCompile Include="map.cpp">
      <Filter>Screens</Filter>
    </ClCompile>
  </ItemGroup>
</Project>